// !$*UTF8*$!
{
	archiveVersion = 1;
	classes = {
	};
	objectVersion = 50;
	objects = {

/* Begin PBXBuildFile section */
		1068D88728CD6CB500495D5A /* AppDelegate.swift in Sources */ = {isa = PBXBuildFile; fileRef = 1068D88628CD6CB500495D5A /* AppDelegate.swift */; };
		1068D88928CD6CB500495D5A /* SceneDelegate.swift in Sources */ = {isa = PBXBuildFile; fileRef = 1068D88828CD6CB500495D5A /* SceneDelegate.swift */; };
		1068D88B28CD6CB500495D5A /* ViewController.swift in Sources */ = {isa = PBXBuildFile; fileRef = 1068D88A28CD6CB500495D5A /* ViewController.swift */; };
		1068D88E28CD6CB500495D5A /* Main.storyboard in Resources */ = {isa = PBXBuildFile; fileRef = 1068D88C28CD6CB500495D5A /* Main.storyboard */; };
		1068D89028CD6CBC00495D5A /* Assets.xcassets in Resources */ = {isa = PBXBuildFile; fileRef = 1068D88F28CD6CBC00495D5A /* Assets.xcassets */; };
		1068D89328CD6CBC00495D5A /* LaunchScreen.storyboard in Resources */ = {isa = PBXBuildFile; fileRef = 1068D89128CD6CBC00495D5A /* LaunchScreen.storyboard */; };
		1068D89E28CD6CBC00495D5A /* Coding_Interview_QuestionsTests.swift in Sources */ = {isa = PBXBuildFile; fileRef = 1068D89D28CD6CBC00495D5A /* Coding_Interview_QuestionsTests.swift */; };
		1068D8A928CD6CBC00495D5A /* Coding_Interview_QuestionsUITests.swift in Sources */ = {isa = PBXBuildFile; fileRef = 1068D8A828CD6CBC00495D5A /* Coding_Interview_QuestionsUITests.swift */; };
/* End PBXBuildFile section */

/* Begin PBXContainerItemProxy section */
		1068D89A28CD6CBC00495D5A /* PBXContainerItemProxy */ = {
			isa = PBXContainerItemProxy;
			containerPortal = 1068D87B28CD6CB500495D5A /* Project object */;
			proxyType = 1;
			remoteGlobalIDString = 1068D88228CD6CB500495D5A;
			remoteInfo = "Coding Interview Questions";
		};
		1068D8A528CD6CBC00495D5A /* PBXContainerItemProxy */ = {
			isa = PBXContainerItemProxy;
			containerPortal = 1068D87B28CD6CB500495D5A /* Project object */;
			proxyType = 1;
			remoteGlobalIDString = 1068D88228CD6CB500495D5A;
			remoteInfo = "Coding Interview Questions";
		};
/* End PBXContainerItemProxy section */

/* Begin PBXFileReference section */
		1068D88328CD6CB500495D5A /* Coding Interview Questions.app */ = {isa = PBXFileReference; explicitFileType = wrapper.application; includeInIndex = 0; path = "Coding Interview Questions.app"; sourceTree = BUILT_PRODUCTS_DIR; };
		1068D88628CD6CB500495D5A /* AppDelegate.swift */ = {isa = PBXFileReference; lastKnownFileType = sourcecode.swift; path = AppDelegate.swift; sourceTree = "<group>"; };
		1068D88828CD6CB500495D5A /* SceneDelegate.swift */ = {isa = PBXFileReference; lastKnownFileType = sourcecode.swift; path = SceneDelegate.swift; sourceTree = "<group>"; };
		1068D88A28CD6CB500495D5A /* ViewController.swift */ = {isa = PBXFileReference; lastKnownFileType = sourcecode.swift; path = ViewController.swift; sourceTree = "<group>"; };
		1068D88D28CD6CB500495D5A /* Base */ = {isa = PBXFileReference; lastKnownFileType = file.storyboard; name = Base; path = Base.lproj/Main.storyboard; sourceTree = "<group>"; };
		1068D88F28CD6CBC00495D5A /* Assets.xcassets */ = {isa = PBXFileReference; lastKnownFileType = folder.assetcatalog; path = Assets.xcassets; sourceTree = "<group>"; };
		1068D89228CD6CBC00495D5A /* Base */ = {isa = PBXFileReference; lastKnownFileType = file.storyboard; name = Base; path = Base.lproj/LaunchScreen.storyboard; sourceTree = "<group>"; };
		1068D89428CD6CBC00495D5A /* Info.plist */ = {isa = PBXFileReference; lastKnownFileType = text.plist.xml; path = Info.plist; sourceTree = "<group>"; };
		1068D89928CD6CBC00495D5A /* Coding Interview QuestionsTests.xctest */ = {isa = PBXFileReference; explicitFileType = wrapper.cfbundle; includeInIndex = 0; path = "Coding Interview QuestionsTests.xctest"; sourceTree = BUILT_PRODUCTS_DIR; };
		1068D89D28CD6CBC00495D5A /* Coding_Interview_QuestionsTests.swift */ = {isa = PBXFileReference; lastKnownFileType = sourcecode.swift; path = Coding_Interview_QuestionsTests.swift; sourceTree = "<group>"; };
		1068D89F28CD6CBC00495D5A /* Info.plist */ = {isa = PBXFileReference; lastKnownFileType = text.plist.xml; path = Info.plist; sourceTree = "<group>"; };
		1068D8A428CD6CBC00495D5A /* Coding Interview QuestionsUITests.xctest */ = {isa = PBXFileReference; explicitFileType = wrapper.cfbundle; includeInIndex = 0; path = "Coding Interview QuestionsUITests.xctest"; sourceTree = BUILT_PRODUCTS_DIR; };
		1068D8A828CD6CBC00495D5A /* Coding_Interview_QuestionsUITests.swift */ = {isa = PBXFileReference; lastKnownFileType = sourcecode.swift; path = Coding_Interview_QuestionsUITests.swift; sourceTree = "<group>"; };
		1068D8AA28CD6CBC00495D5A /* Info.plist */ = {isa = PBXFileReference; lastKnownFileType = text.plist.xml; path = Info.plist; sourceTree = "<group>"; };
/* End PBXFileReference section */

/* Begin PBXFrameworksBuildPhase section */
		1068D88028CD6CB500495D5A /* Frameworks */ = {
			isa = PBXFrameworksBuildPhase;
			buildActionMask = 2147483647;
			files = (
			);
			runOnlyForDeploymentPostprocessing = 0;
		};
		1068D89628CD6CBC00495D5A /* Frameworks */ = {
			isa = PBXFrameworksBuildPhase;
			buildActionMask = 2147483647;
			files = (
			);
			runOnlyForDeploymentPostprocessing = 0;
		};
		1068D8A128CD6CBC00495D5A /* Frameworks */ = {
			isa = PBXFrameworksBuildPhase;
			buildActionMask = 2147483647;
			files = (
			);
			runOnlyForDeploymentPostprocessing = 0;
		};
/* End PBXFrameworksBuildPhase section */

/* Begin PBXGroup section */
		1068D87A28CD6CB500495D5A = {
			isa = PBXGroup;
			children = (
				1068D88528CD6CB500495D5A /* Coding Interview Questions */,
				1068D89C28CD6CBC00495D5A /* Coding Interview QuestionsTests */,
				1068D8A728CD6CBC00495D5A /* Coding Interview QuestionsUITests */,
				1068D88428CD6CB500495D5A /* Products */,
			);
			sourceTree = "<group>";
		};
		1068D88428CD6CB500495D5A /* Products */ = {
			isa = PBXGroup;
			children = (
				1068D88328CD6CB500495D5A /* Coding Interview Questions.app */,
				1068D89928CD6CBC00495D5A /* Coding Interview QuestionsTests.xctest */,
				1068D8A428CD6CBC00495D5A /* Coding Interview QuestionsUITests.xctest */,
			);
			name = Products;
			sourceTree = "<group>";
		};
		1068D88528CD6CB500495D5A /* Coding Interview Questions */ = {
			isa = PBXGroup;
			children = (
				1068D88628CD6CB500495D5A /* AppDelegate.swift */,
				1068D88828CD6CB500495D5A /* SceneDelegate.swift */,
				1068D88A28CD6CB500495D5A /* ViewController.swift */,
				1068D88C28CD6CB500495D5A /* Main.storyboard */,
				1068D88F28CD6CBC00495D5A /* Assets.xcassets */,
				1068D89128CD6CBC00495D5A /* LaunchScreen.storyboard */,
				1068D89428CD6CBC00495D5A /* Info.plist */,
			);
			path = "Coding Interview Questions";
			sourceTree = "<group>";
		};
		1068D89C28CD6CBC00495D5A /* Coding Interview QuestionsTests */ = {
			isa = PBXGroup;
			children = (
				1068D89D28CD6CBC00495D5A /* Coding_Interview_QuestionsTests.swift */,
				1068D89F28CD6CBC00495D5A /* Info.plist */,
			);
			path = "Coding Interview QuestionsTests";
			sourceTree = "<group>";
		};
		1068D8A728CD6CBC00495D5A /* Coding Interview QuestionsUITests */ = {
			isa = PBXGroup;
			children = (
				1068D8A828CD6CBC00495D5A /* Coding_Interview_QuestionsUITests.swift */,
				1068D8AA28CD6CBC00495D5A /* Info.plist */,
			);
			path = "Coding Interview QuestionsUITests";
			sourceTree = "<group>";
		};
/* End PBXGroup section */

/* Begin PBXNativeTarget section */
		1068D88228CD6CB500495D5A /* Coding Interview Questions */ = {
			isa = PBXNativeTarget;
			buildConfigurationList = 1068D8AD28CD6CBC00495D5A /* Build configuration list for PBXNativeTarget "Coding Interview Questions" */;
			buildPhases = (
				1068D87F28CD6CB500495D5A /* Sources */,
				1068D88028CD6CB500495D5A /* Frameworks */,
				1068D88128CD6CB500495D5A /* Resources */,
			);
			buildRules = (
			);
			dependencies = (
			);
			name = "Coding Interview Questions";
			productName = "Coding Interview Questions";
			productReference = 1068D88328CD6CB500495D5A /* Coding Interview Questions.app */;
			productType = "com.apple.product-type.application";
		};
		1068D89828CD6CBC00495D5A /* Coding Interview QuestionsTests */ = {
			isa = PBXNativeTarget;
			buildConfigurationList = 1068D8B028CD6CBC00495D5A /* Build configuration list for PBXNativeTarget "Coding Interview QuestionsTests" */;
			buildPhases = (
				1068D89528CD6CBC00495D5A /* Sources */,
				1068D89628CD6CBC00495D5A /* Frameworks */,
				1068D89728CD6CBC00495D5A /* Resources */,
			);
			buildRules = (
			);
			dependencies = (
				1068D89B28CD6CBC00495D5A /* PBXTargetDependency */,
			);
			name = "Coding Interview QuestionsTests";
			productName = "Coding Interview QuestionsTests";
			productReference = 1068D89928CD6CBC00495D5A /* Coding Interview QuestionsTests.xctest */;
			productType = "com.apple.product-type.bundle.unit-test";
		};
		1068D8A328CD6CBC00495D5A /* Coding Interview QuestionsUITests */ = {
			isa = PBXNativeTarget;
			buildConfigurationList = 1068D8B328CD6CBC00495D5A /* Build configuration list for PBXNativeTarget "Coding Interview QuestionsUITests" */;
			buildPhases = (
				1068D8A028CD6CBC00495D5A /* Sources */,
				1068D8A128CD6CBC00495D5A /* Frameworks */,
				1068D8A228CD6CBC00495D5A /* Resources */,
			);
			buildRules = (
			);
			dependencies = (
				1068D8A628CD6CBC00495D5A /* PBXTargetDependency */,
			);
			name = "Coding Interview QuestionsUITests";
			productName = "Coding Interview QuestionsUITests";
			productReference = 1068D8A428CD6CBC00495D5A /* Coding Interview QuestionsUITests.xctest */;
			productType = "com.apple.product-type.bundle.ui-testing";
		};
/* End PBXNativeTarget section */

/* Begin PBXProject section */
		1068D87B28CD6CB500495D5A /* Project object */ = {
			isa = PBXProject;
			attributes = {
				LastSwiftUpdateCheck = 1240;
				LastUpgradeCheck = 1240;
				TargetAttributes = {
					1068D88228CD6CB500495D5A = {
						CreatedOnToolsVersion = 12.4;
					};
					1068D89828CD6CBC00495D5A = {
						CreatedOnToolsVersion = 12.4;
						TestTargetID = 1068D88228CD6CB500495D5A;
					};
					1068D8A328CD6CBC00495D5A = {
						CreatedOnToolsVersion = 12.4;
						TestTargetID = 1068D88228CD6CB500495D5A;
					};
				};
			};
			buildConfigurationList = 1068D87E28CD6CB500495D5A /* Build configuration list for PBXProject "Coding Interview Questions" */;
			compatibilityVersion = "Xcode 9.3";
			developmentRegion = en;
			hasScannedForEncodings = 0;
			knownRegions = (
				en,
				Base,
			);
			mainGroup = 1068D87A28CD6CB500495D5A;
			productRefGroup = 1068D88428CD6CB500495D5A /* Products */;
			projectDirPath = "";
			projectRoot = "";
			targets = (
				1068D88228CD6CB500495D5A /* Coding Interview Questions */,
				1068D89828CD6CBC00495D5A /* Coding Interview QuestionsTests */,
				1068D8A328CD6CBC00495D5A /* Coding Interview QuestionsUITests */,
			);
		};
/* End PBXProject section */

/* Begin PBXResourcesBuildPhase section */
		1068D88128CD6CB500495D5A /* Resources */ = {
			isa = PBXResourcesBuildPhase;
			buildActionMask = 2147483647;
			files = (
				1068D89328CD6CBC00495D5A /* LaunchScreen.storyboard in Resources */,
				1068D89028CD6CBC00495D5A /* Assets.xcassets in Resources */,
				1068D88E28CD6CB500495D5A /* Main.storyboard in Resources */,
			);
			runOnlyForDeploymentPostprocessing = 0;
		};
		1068D89728CD6CBC00495D5A /* Resources */ = {
			isa = PBXResourcesBuildPhase;
			buildActionMask = 2147483647;
			files = (
			);
			runOnlyForDeploymentPostprocessing = 0;
		};
		1068D8A228CD6CBC00495D5A /* Resources */ = {
			isa = PBXResourcesBuildPhase;
			buildActionMask = 2147483647;
			files = (
			);
			runOnlyForDeploymentPostprocessing = 0;
		};
/* End PBXResourcesBuildPhase section */

/* Begin PBXSourcesBuildPhase section */
		1068D87F28CD6CB500495D5A /* Sources */ = {
			isa = PBXSourcesBuildPhase;
			buildActionMask = 2147483647;
			files = (
				1068D88B28CD6CB500495D5A /* ViewController.swift in Sources */,
				1068D88728CD6CB500495D5A /* AppDelegate.swift in Sources */,
				1068D88928CD6CB500495D5A /* SceneDelegate.swift in Sources */,
			);
			runOnlyForDeploymentPostprocessing = 0;
		};
		1068D89528CD6CBC00495D5A /* Sources */ = {
			isa = PBXSourcesBuildPhase;
			buildActionMask = 2147483647;
			files = (
				1068D89E28CD6CBC00495D5A /* Coding_Interview_QuestionsTests.swift in Sources */,
			);
			runOnlyForDeploymentPostprocessing = 0;
		};
		1068D8A028CD6CBC00495D5A /* Sources */ = {
			isa = PBXSourcesBuildPhase;
			buildActionMask = 2147483647;
			files = (
				1068D8A928CD6CBC00495D5A /* Coding_Interview_QuestionsUITests.swift in Sources */,
			);
			runOnlyForDeploymentPostprocessing = 0;
		};
/* End PBXSourcesBuildPhase section */

/* Begin PBXTargetDependency section */
		1068D89B28CD6CBC00495D5A /* PBXTargetDependency */ = {
			isa = PBXTargetDependency;
			target = 1068D88228CD6CB500495D5A /* Coding Interview Questions */;
			targetProxy = 1068D89A28CD6CBC00495D5A /* PBXContainerItemProxy */;
		};
		1068D8A628CD6CBC00495D5A /* PBXTargetDependency */ = {
			isa = PBXTargetDependency;
			target = 1068D88228CD6CB500495D5A /* Coding Interview Questions */;
			targetProxy = 1068D8A528CD6CBC00495D5A /* PBXContainerItemProxy */;
		};
/* End PBXTargetDependency section */

/* Begin PBXVariantGroup section */
		1068D88C28CD6CB500495D5A /* Main.storyboard */ = {
			isa = PBXVariantGroup;
			children = (
				1068D88D28CD6CB500495D5A /* Base */,
			);
			name = Main.storyboard;
			sourceTree = "<group>";
		};
		1068D89128CD6CBC00495D5A /* LaunchScreen.storyboard */ = {
			isa = PBXVariantGroup;
			children = (
				1068D89228CD6CBC00495D5A /* Base */,
			);
			name = LaunchScreen.storyboard;
			sourceTree = "<group>";
		};
/* End PBXVariantGroup section */

/* Begin XCBuildConfiguration section */
		1068D8AB28CD6CBC00495D5A /* Debug */ = {
			isa = XCBuildConfiguration;
			buildSettings = {
				ALWAYS_SEARCH_USER_PATHS = NO;
				CLANG_ANALYZER_NONNULL = YES;
				CLANG_ANALYZER_NUMBER_OBJECT_CONVERSION = YES_AGGRESSIVE;
				CLANG_CXX_LANGUAGE_STANDARD = "gnu++14";
				CLANG_CXX_LIBRARY = "libc++";
				CLANG_ENABLE_MODULES = YES;
				CLANG_ENABLE_OBJC_ARC = YES;
				CLANG_ENABLE_OBJC_WEAK = YES;
				CLANG_WARN_BLOCK_CAPTURE_AUTORELEASING = YES;
				CLANG_WARN_BOOL_CONVERSION = YES;
				CLANG_WARN_COMMA = YES;
				CLANG_WARN_CONSTANT_CONVERSION = YES;
				CLANG_WARN_DEPRECATED_OBJC_IMPLEMENTATIONS = YES;
				CLANG_WARN_DIRECT_OBJC_ISA_USAGE = YES_ERROR;
				CLANG_WARN_DOCUMENTATION_COMMENTS = YES;
				CLANG_WARN_EMPTY_BODY = YES;
				CLANG_WARN_ENUM_CONVERSION = YES;
				CLANG_WARN_INFINITE_RECURSION = YES;
				CLANG_WARN_INT_CONVERSION = YES;
				CLANG_WARN_NON_LITERAL_NULL_CONVERSION = YES;
				CLANG_WARN_OBJC_IMPLICIT_RETAIN_SELF = YES;
				CLANG_WARN_OBJC_LITERAL_CONVERSION = YES;
				CLANG_WARN_OBJC_ROOT_CLASS = YES_ERROR;
				CLANG_WARN_QUOTED_INCLUDE_IN_FRAMEWORK_HEADER = YES;
				CLANG_WARN_RANGE_LOOP_ANALYSIS = YES;
				CLANG_WARN_STRICT_PROTOTYPES = YES;
				CLANG_WARN_SUSPICIOUS_MOVE = YES;
				CLANG_WARN_UNGUARDED_AVAILABILITY = YES_AGGRESSIVE;
				CLANG_WARN_UNREACHABLE_CODE = YES;
				CLANG_WARN__DUPLICATE_METHOD_MATCH = YES;
				COPY_PHASE_STRIP = NO;
				DEBUG_INFORMATION_FORMAT = dwarf;
				ENABLE_STRICT_OBJC_MSGSEND = YES;
				ENABLE_TESTABILITY = YES;
				GCC_C_LANGUAGE_STANDARD = gnu11;
				GCC_DYNAMIC_NO_PIC = NO;
				GCC_NO_COMMON_BLOCKS = YES;
				GCC_OPTIMIZATION_LEVEL = 0;
				GCC_PREPROCESSOR_DEFINITIONS = (
					"DEBUG=1",
					"$(inherited)",
				);
				GCC_WARN_64_TO_32_BIT_CONVERSION = YES;
				GCC_WARN_ABOUT_RETURN_TYPE = YES_ERROR;
				GCC_WARN_UNDECLARED_SELECTOR = YES;
				GCC_WARN_UNINITIALIZED_AUTOS = YES_AGGRESSIVE;
				GCC_WARN_UNUSED_FUNCTION = YES;
				GCC_WARN_UNUSED_VARIABLE = YES;
				IPHONEOS_DEPLOYMENT_TARGET = 14.4;
				MTL_ENABLE_DEBUG_INFO = INCLUDE_SOURCE;
				MTL_FAST_MATH = YES;
				ONLY_ACTIVE_ARCH = YES;
				SDKROOT = iphoneos;
				SWIFT_ACTIVE_COMPILATION_CONDITIONS = DEBUG;
				SWIFT_OPTIMIZATION_LEVEL = "-Onone";
			};
			name = Debug;
		};
		1068D8AC28CD6CBC00495D5A /* Release */ = {
			isa = XCBuildConfiguration;
			buildSettings = {
				ALWAYS_SEARCH_USER_PATHS = NO;
				CLANG_ANALYZER_NONNULL = YES;
				CLANG_ANALYZER_NUMBER_OBJECT_CONVERSION = YES_AGGRESSIVE;
				CLANG_CXX_LANGUAGE_STANDARD = "gnu++14";
				CLANG_CXX_LIBRARY = "libc++";
				CLANG_ENABLE_MODULES = YES;
				CLANG_ENABLE_OBJC_ARC = YES;
				CLANG_ENABLE_OBJC_WEAK = YES;
				CLANG_WARN_BLOCK_CAPTURE_AUTORELEASING = YES;
				CLANG_WARN_BOOL_CONVERSION = YES;
				CLANG_WARN_COMMA = YES;
				CLANG_WARN_CONSTANT_CONVERSION = YES;
				CLANG_WARN_DEPRECATED_OBJC_IMPLEMENTATIONS = YES;
				CLANG_WARN_DIRECT_OBJC_ISA_USAGE = YES_ERROR;
				CLANG_WARN_DOCUMENTATION_COMMENTS = YES;
				CLANG_WARN_EMPTY_BODY = YES;
				CLANG_WARN_ENUM_CONVERSION = YES;
				CLANG_WARN_INFINITE_RECURSION = YES;
				CLANG_WARN_INT_CONVERSION = YES;
				CLANG_WARN_NON_LITERAL_NULL_CONVERSION = YES;
				CLANG_WARN_OBJC_IMPLICIT_RETAIN_SELF = YES;
				CLANG_WARN_OBJC_LITERAL_CONVERSION = YES;
				CLANG_WARN_OBJC_ROOT_CLASS = YES_ERROR;
				CLANG_WARN_QUOTED_INCLUDE_IN_FRAMEWORK_HEADER = YES;
				CLANG_WARN_RANGE_LOOP_ANALYSIS = YES;
				CLANG_WARN_STRICT_PROTOTYPES = YES;
				CLANG_WARN_SUSPICIOUS_MOVE = YES;
				CLANG_WARN_UNGUARDED_AVAILABILITY = YES_AGGRESSIVE;
				CLANG_WARN_UNREACHABLE_CODE = YES;
				CLANG_WARN__DUPLICATE_METHOD_MATCH = YES;
				COPY_PHASE_STRIP = NO;
				DEBUG_INFORMATION_FORMAT = "dwarf-with-dsym";
				ENABLE_NS_ASSERTIONS = NO;
				ENABLE_STRICT_OBJC_MSGSEND = YES;
				GCC_C_LANGUAGE_STANDARD = gnu11;
				GCC_NO_COMMON_BLOCKS = YES;
				GCC_WARN_64_TO_32_BIT_CONVERSION = YES;
				GCC_WARN_ABOUT_RETURN_TYPE = YES_ERROR;
				GCC_WARN_UNDECLARED_SELECTOR = YES;
				GCC_WARN_UNINITIALIZED_AUTOS = YES_AGGRESSIVE;
				GCC_WARN_UNUSED_FUNCTION = YES;
				GCC_WARN_UNUSED_VARIABLE = YES;
				IPHONEOS_DEPLOYMENT_TARGET = 14.4;
				MTL_ENABLE_DEBUG_INFO = NO;
				MTL_FAST_MATH = YES;
				SDKROOT = iphoneos;
				SWIFT_COMPILATION_MODE = wholemodule;
				SWIFT_OPTIMIZATION_LEVEL = "-O";
				VALIDATE_PRODUCT = YES;
			};
			name = Release;
		};
		1068D8AE28CD6CBC00495D5A /* Debug */ = {
			isa = XCBuildConfiguration;
			buildSettings = {
				ASSETCATALOG_COMPILER_APPICON_NAME = AppIcon;
				ASSETCATALOG_COMPILER_GLOBAL_ACCENT_COLOR_NAME = AccentColor;
				CODE_SIGN_STYLE = Automatic;
				DEVELOPMENT_TEAM = LQPL6QYLT7;
				INFOPLIST_FILE = "Coding Interview Questions/Info.plist";
				LD_RUNPATH_SEARCH_PATHS = (
					"$(inherited)",
					"@executable_path/Frameworks",
				);
				PRODUCT_BUNDLE_IDENTIFIER = "BuffReality.Coding-Interview-Questions";
				PRODUCT_NAME = "$(TARGET_NAME)";
				SWIFT_VERSION = 5.0;
				TARGETED_DEVICE_FAMILY = "1,2";
			};
			name = Debug;
		};
		1068D8AF28CD6CBC00495D5A /* Release */ = {
			isa = XCBuildConfiguration;
			buildSettings = {
				ASSETCATALOG_COMPILER_APPICON_NAME = AppIcon;
				ASSETCATALOG_COMPILER_GLOBAL_ACCENT_COLOR_NAME = AccentColor;
				CODE_SIGN_STYLE = Automatic;
				DEVELOPMENT_TEAM = LQPL6QYLT7;
				INFOPLIST_FILE = "Coding Interview Questions/Info.plist";
				LD_RUNPATH_SEARCH_PATHS = (
					"$(inherited)",
					"@executable_path/Frameworks",
				);
				PRODUCT_BUNDLE_IDENTIFIER = "BuffReality.Coding-Interview-Questions";
				PRODUCT_NAME = "$(TARGET_NAME)";
				SWIFT_VERSION = 5.0;
				TARGETED_DEVICE_FAMILY = "1,2";
			};
			name = Release;
		};
		1068D8B128CD6CBC00495D5A /* Debug */ = {
			isa = XCBuildConfiguration;
			buildSettings = {
				ALWAYS_EMBED_SWIFT_STANDARD_LIBRARIES = YES;
				BUNDLE_LOADER = "$(TEST_HOST)";
				CODE_SIGN_STYLE = Automatic;
				DEVELOPMENT_TEAM = LQPL6QYLT7;
				INFOPLIST_FILE = "Coding Interview QuestionsTests/Info.plist";
				IPHONEOS_DEPLOYMENT_TARGET = 14.4;
				LD_RUNPATH_SEARCH_PATHS = (
					"$(inherited)",
					"@executable_path/Frameworks",
					"@loader_path/Frameworks",
				);
				PRODUCT_BUNDLE_IDENTIFIER = "BuffReality.Coding-Interview-QuestionsTests";
				PRODUCT_NAME = "$(TARGET_NAME)";
				SWIFT_VERSION = 5.0;
				TARGETED_DEVICE_FAMILY = "1,2";
				TEST_HOST = "$(BUILT_PRODUCTS_DIR)/Coding Interview Questions.app/Coding Interview Questions";
			};
			name = Debug;
		};
		1068D8B228CD6CBC00495D5A /* Release */ = {
			isa = XCBuildConfiguration;
			buildSettings = {
				ALWAYS_EMBED_SWIFT_STANDARD_LIBRARIES = YES;
				BUNDLE_LOADER = "$(TEST_HOST)";
				CODE_SIGN_STYLE = Automatic;
				DEVELOPMENT_TEAM = LQPL6QYLT7;
				INFOPLIST_FILE = "Coding Interview QuestionsTests/Info.plist";
				IPHONEOS_DEPLOYMENT_TARGET = 14.4;
				LD_RUNPATH_SEARCH_PATHS = (
					"$(inherited)",
					"@executable_path/Frameworks",
					"@loader_path/Frameworks",
				);
				PRODUCT_BUNDLE_IDENTIFIER = "BuffReality.Coding-Interview-QuestionsTests";
				PRODUCT_NAME = "$(TARGET_NAME)";
				SWIFT_VERSION = 5.0;
				TARGETED_DEVICE_FAMILY = "1,2";
				TEST_HOST = "$(BUILT_PRODUCTS_DIR)/Coding Interview Questions.app/Coding Interview Questions";
			};
			name = Release;
		};
		1068D8B428CD6CBC00495D5A /* Debug */ = {
			isa = XCBuildConfiguration;
			buildSettings = {
				ALWAYS_EMBED_SWIFT_STANDARD_LIBRARIES = YES;
				CODE_SIGN_STYLE = Automatic;
				DEVELOPMENT_TEAM = LQPL6QYLT7;
				INFOPLIST_FILE = "Coding Interview QuestionsUITests/Info.plist";
				LD_RUNPATH_SEARCH_PATHS = (
					"$(inherited)",
					"@executable_path/Frameworks",
					"@loader_path/Frameworks",
				);
				PRODUCT_BUNDLE_IDENTIFIER = "BuffReality.Coding-Interview-QuestionsUITests";
				PRODUCT_NAME = "$(TARGET_NAME)";
				SWIFT_VERSION = 5.0;
				TARGETED_DEVICE_FAMILY = "1,2";
				TEST_TARGET_NAME = "Coding Interview Questions";
			};
			name = Debug;
		};
		1068D8B528CD6CBC00495D5A /* Release */ = {
			isa = XCBuildConfiguration;
			buildSettings = {
				ALWAYS_EMBED_SWIFT_STANDARD_LIBRARIES = YES;
				CODE_SIGN_STYLE = Automatic;
				DEVELOPMENT_TEAM = LQPL6QYLT7;
				INFOPLIST_FILE = "Coding Interview QuestionsUITests/Info.plist";
				LD_RUNPATH_SEARCH_PATHS = (
					"$(inherited)",
					"@executable_path/Frameworks",
					"@loader_path/Frameworks",
				);
				PRODUCT_BUNDLE_IDENTIFIER = "BuffReality.Coding-Interview-QuestionsUITests";
				PRODUCT_NAME = "$(TARGET_NAME)";
				SWIFT_VERSION = 5.0;
				TARGETED_DEVICE_FAMILY = "1,2";
				TEST_TARGET_NAME = "Coding Interview Questions";
			};
			name = Release;
		};
/* End XCBuildConfiguration section */

/* Begin XCConfigurationList section */
		1068D87E28CD6CB500495D5A /* Build configuration list for PBXProject "Coding Interview Questions" */ = {
			isa = XCConfigurationList;
			buildConfigurations = (
				1068D8AB28CD6CBC00495D5A /* Debug */,
				1068D8AC28CD6CBC00495D5A /* Release */,
			);
			defaultConfigurationIsVisible = 0;
			defaultConfigurationName = Release;
		};
		1068D8AD28CD6CBC00495D5A /* Build configuration list for PBXNativeTarget "Coding Interview Questions" */ = {
			isa = XCConfigurationList;
			buildConfigurations = (
				1068D8AE28CD6CBC00495D5A /* Debug */,
				1068D8AF28CD6CBC00495D5A /* Release */,
			);
			defaultConfigurationIsVisible = 0;
			defaultConfigurationName = Release;
		};
		1068D8B028CD6CBC00495D5A /* Build configuration list for PBXNativeTarget "Coding Interview QuestionsTests" */ = {
			isa = XCConfigurationList;
			buildConfigurations = (
				1068D8B128CD6CBC00495D5A /* Debug */,
				1068D8B228CD6CBC00495D5A /* Release */,
			);
			defaultConfigurationIsVisible = 0;
			defaultConfigurationName = Release;
		};
		1068D8B328CD6CBC00495D5A /* Build configuration list for PBXNativeTarget "Coding Interview QuestionsUITests" */ = {
			isa = XCConfigurationList;
			buildConfigurations = (
				1068D8B428CD6CBC00495D5A /* Debug */,
				1068D8B528CD6CBC00495D5A /* Release */,
			);
			defaultConfigurationIsVisible = 0;
			defaultConfigurationName = Release;
		};
/* End XCConfigurationList section */
	};
	rootObject = 1068D87B28CD6CB500495D5A /* Project object */;
}
